
Microsoft Visual Studio Solution File, Format Version 12.00
# Visual Studio Version 17
VisualStudioVersion = 17.6.33829.357
MinimumVisualStudioVersion = 10.0.40219.1
Project("{FAE04EC0-301F-11D3-BF4B-00C04F79EFBC}") = "DynamicXDynamicRoutinesLibrary", "DynamicXDynamicRoutinesLibrary\DynamicXDynamicRoutinesLibrary.csproj", "{835D3228-523C-472C-B04A-CD5A51473241}"
EndProject
Project("{FAE04EC0-301F-11D3-BF4B-00C04F79EFBC}") = "DynamicXDynamicRoutinesTests", "DynamicXDynamicRoutinesTests\DynamicXDynamicRoutinesTests.csproj", "{349F1452-BE5D-495C-A6EA-C5A059BCB359}"
EndProject
Global
	GlobalSection(SolutionConfigurationPlatforms) = preSolution
		Debug|Any CPU = Debug|Any CPU
		Release|Any CPU = Release|Any CPU
	EndGlobalSection
	GlobalSection(ProjectConfigurationPlatforms) = postSolution
		{835D3228-523C-472C-B04A-CD5A51473241}.Debug|Any CPU.ActiveCfg = Debug|Any CPU
		{835D3228-523C-472C-B04A-CD5A51473241}.Debug|Any CPU.Build.0 = Debug|Any CPU
		{835D3228-523C-472C-B04A-CD5A51473241}.Release|Any CPU.ActiveCfg = Release|Any CPU
		{835D3228-523C-472C-B04A-CD5A51473241}.Release|Any CPU.Build.0 = Release|Any CPU
		{349F1452-BE5D-495C-A6EA-C5A059BCB359}.Debug|Any CPU.ActiveCfg = Debug|Any CPU
		{349F1452-BE5D-495C-A6EA-C5A059BCB359}.Debug|Any CPU.Build.0 = Debug|Any CPU
		{349F1452-BE5D-495C-A6EA-C5A059BCB359}.Release|Any CPU.ActiveCfg = Release|Any CPU
		{349F1452-BE5D-495C-A6EA-C5A059BCB359}.Release|Any CPU.Build.0 = Release|Any CPU
	EndGlobalSection
	GlobalSection(SolutionProperties) = preSolution
		HideSolutionNode = FALSE
	EndGlobalSection
	GlobalSection(ExtensibilityGlobals) = postSolution
		SolutionGuid = {23CE7AF1-F592-4EAA-8585-801A206BE792}
	EndGlobalSection
EndGlobal
